{
  "name": "tesla-light-show-validator",
  "version": "1.0.0",
  "lockfileVersion": 2,
  "requires": true,
  "packages": {
    "": {
      "name": "tesla-light-show-validator",
      "version": "1.0.0",
      "license": "ISC",
      "dependencies": {
        "python-struct": "^1.1.3"
      }
    },
    "node_modules/long": {
      "version": "4.0.0",
      "resolved": "https://registry.npmjs.org/long/-/long-4.0.0.tgz",
      "integrity": "sha512-XsP+KhQif4bjX1kbuSiySJFNAehNxgLb6hPRGJ9QsUr8ajHkuXGdrHmFUTUUXhDwVX2R5bY4JNZEwbUiMhV+MA=="
    },
    "node_modules/python-struct": {
      "version": "1.1.3",
      "resolved": "https://registry.npmjs.org/python-struct/-/python-struct-1.1.3.tgz",
      "integrity": "sha512-UsI/mNvk25jRpGKYI38Nfbv84z48oiIWwG67DLVvjRhy8B/0aIK+5Ju5WOHgw/o9rnEmbAS00v4rgKFQeC332Q==",
      "dependencies": {
        "long": "^4.0.0"
      }
    }
  },
  "dependencies": {
    "long": {
      "version": "4.0.0",
      "resolved": "https://registry.npmjs.org/long/-/long-4.0.0.tgz",
      "integrity": "sha512-XsP+KhQif4bjX1kbuSiySJFNAehNxgLb6hPRGJ9QsUr8ajHkuXGdrHmFUTUUXhDwVX2R5bY4JNZEwbUiMhV+MA=="
    },
    "python-struct": {
      "version": "1.1.3",
      "resolved": "https://registry.npmjs.org/python-struct/-/python-struct-1.1.3.tgz",
      "integrity": "sha512-UsI/mNvk25jRpGKYI38Nfbv84z48oiIWwG67DLVvjRhy8B/0aIK+5Ju5WOHgw/o9rnEmbAS00v4rgKFQeC332Q==",
      "requires": {
        "long": "^4.0.0"
      }
    }
  }
}
